<?xml version="1.0" encoding="utf-8"?>
<Project ToolsVersion="4.0" xmlns="http://schemas.microsoft.com/developer/msbuild/2003">
  <ItemGroup>
    <Filter Include="Source Files">
      <UniqueIdentifier>{4FC737F1-C7A5-4376-A066-2A32D752A2FF}</UniqueIdentifier>
      <Extensions>cpp;c;cc;cxx;def;odl;idl;hpj;bat;asm;asmx</Extensions>
    </Filter>
    <Filter Include="Header Files">
      <UniqueIdentifier>{93995380-89BD-4b04-88EB-625FBE52EBFB}</UniqueIdentifier>
      <Extensions>h;hpp;hxx;hm;inl;inc;xsd</Extensions>
    </Filter>
    <Filter Include="Resource Files">
      <UniqueIdentifier>{67DA6AB6-F800-4c08-8B7A-83BB121AAD01}</UniqueIdentifier>
      <Extensions>rc;ico;cur;bmp;dlg;rc2;rct;bin;rgs;gif;jpg;jpeg;jpe;resx;tiff;tif;png;wav;mfcribbon-ms</Extensions>
    </Filter>
    <Filter Include="Header Files\render">
      <UniqueIdentifier>{a6d9a3fa-87eb-4fcb-9420-c646d2c54f15}</UniqueIdentifier>
    </Filter>
    <Filter Include="Header Files\io">
      <UniqueIdentifier>{c003b906-95fe-4c63-92bc-a3ef05573c19}</UniqueIdentifier>
    </Filter>
    <Filter Include="Header Files\tree">
      <UniqueIdentifier>{7f50d044-45ec-4018-8b64-d3aa720896a1}</UniqueIdentifier>
    </Filter>
    <Filter Include="Header Files\util">
      <UniqueIdentifier>{f7c6c41c-f280-4c99-98b7-bb2c6b1cb5e2}</UniqueIdentifier>
    </Filter>
    <Filter Include="Header Files\view">
      <UniqueIdentifier>{b8e6c0b5-479e-4829-88cd-87f27e9117da}</UniqueIdentifier>
    </Filter>
    <Filter Include="Header Files\geometry">
      <UniqueIdentifier>{d26179a5-dcd5-410b-9468-e10c6aae7fff}</UniqueIdentifier>
    </Filter>
    <Filter Include="Source Files\render">
      <UniqueIdentifier>{86fa8aaf-b9ef-4ba3-b0d3-d81494ada15b}</UniqueIdentifier>
    </Filter>
    <Filter Include="Source Files\util">
      <UniqueIdentifier>{0610e7fe-ff5a-4e77-86ed-9c4e246db90f}</UniqueIdentifier>
    </Filter>
    <Filter Include="Source Files\tree">
      <UniqueIdentifier>{a2953daf-8f48-4660-9a5f-3f64045640db}</UniqueIdentifier>
    </Filter>
    <Filter Include="Source Files\view">
      <UniqueIdentifier>{ea7c3233-48f0-416b-8188-563f9137df32}</UniqueIdentifier>
    </Filter>
    <Filter Include="noise">
      <UniqueIdentifier>{206e3a3a-a97a-4b25-990c-b711d721a380}</UniqueIdentifier>
    </Filter>
  </ItemGroup>
  <ItemGroup>
    <ClInclude Include="DataPoint.h">
      <Filter>Header Files</Filter>
    </ClInclude>
    <ClInclude Include="BaseOctreeRenderer.h">
      <Filter>Header Files\render</Filter>
    </ClInclude>
    <ClInclude Include="DebugRenderer.h">
      <Filter>Header Files\render</Filter>
    </ClInclude>
    <ClInclude Include="DepthRenderer.h">
      <Filter>Header Files\render</Filter>
    </ClInclude>
    <ClInclude Include="DiffuseOctreeRenderer.h">
      <Filter>Header Files\render</Filter>
    </ClInclude>
    <ClInclude Include="NormalRenderer.h">
      <Filter>Header Files\render</Filter>
    </ClInclude>
    <ClInclude Include="WorkOctreeRenderer.h">
      <Filter>Header Files\render</Filter>
    </ClInclude>
    <ClInclude Include="morton.h">
      <Filter>Header Files\io</Filter>
    </ClInclude>
    <ClInclude Include="Octree.h">
      <Filter>Header Files\tree</Filter>
    </ClInclude>
    <ClInclude Include="TreeTraverser.h">
      <Filter>Header Files\tree</Filter>
    </ClInclude>
    <ClInclude Include="misc_math.h">
      <Filter>Header Files\util</Filter>
    </ClInclude>
    <ClInclude Include="util.h">
      <Filter>Header Files\util</Filter>
    </ClInclude>
    <ClInclude Include="VoxelGenerator.h">
      <Filter>Header Files\util</Filter>
    </ClInclude>
    <ClInclude Include="intersection.h">
      <Filter>Header Files\util</Filter>
    </ClInclude>
    <ClInclude Include="Camera.h">
      <Filter>Header Files\view</Filter>
    </ClInclude>
    <ClInclude Include="Frustrum.h">
      <Filter>Header Files\view</Filter>
    </ClInclude>
    <ClInclude Include="RenderContext.h">
      <Filter>Header Files\view</Filter>
    </ClInclude>
    <ClInclude Include="Light.h">
      <Filter>Header Files\view</Filter>
    </ClInclude>
    <ClInclude Include="Ray.h">
      <Filter>Header Files\view</Filter>
    </ClInclude>
    <ClInclude Include="array_1d.h">
      <Filter>Header Files\util</Filter>
    </ClInclude>
    <ClInclude Include="array_3d.h">
      <Filter>Header Files\util</Filter>
    </ClInclude>
    <ClInclude Include="Node.h">
      <Filter>Header Files\tree</Filter>
    </ClInclude>
    <ClInclude Include="AABox.h">
      <Filter>Header Files\geometry</Filter>
    </ClInclude>
    <ClInclude Include="Renderer.h">
      <Filter>Header Files\render</Filter>
    </ClInclude>
    <ClInclude Include="RendererManager.h">
      <Filter>Header Files\render</Filter>
    </ClInclude>
    <ClInclude Include="LevelRenderer.h">
      <Filter>Header Files\render</Filter>
    </ClInclude>
    <ClInclude Include="perlin_noise.hpp">
      <Filter>noise</Filter>
    </ClInclude>
    <ClInclude Include="TopLevelRenderer.h">
      <Filter>Header Files\render</Filter>
    </ClInclude>
    <ClInclude Include="octree_build.h">
      <Filter>Header Files\io</Filter>
    </ClInclude>
    <ClInclude Include="octree_io.h">
      <Filter>Header Files</Filter>
    </ClInclude>
  </ItemGroup>
  <ItemGroup>
    <ClCompile Include="voxel_start.cpp">
      <Filter>Source Files</Filter>
    </ClCompile>
    <ClCompile Include="DebugRenderer.cpp">
      <Filter>Source Files\render</Filter>
    </ClCompile>
    <ClCompile Include="DepthRenderer.cpp">
      <Filter>Source Files\render</Filter>
    </ClCompile>
    <ClCompile Include="DiffuseOctreeRenderer.cpp">
      <Filter>Source Files\render</Filter>
    </ClCompile>
    <ClCompile Include="NormalRenderer.cpp">
      <Filter>Source Files\render</Filter>
    </ClCompile>
    <ClCompile Include="WorkOctreeRenderer.cpp">
      <Filter>Source Files\render</Filter>
    </ClCompile>
    <ClCompile Include="BaseOctreeRenderer.cpp">
      <Filter>Source Files\render</Filter>
    </ClCompile>
    <ClCompile Include="TreeTraverser.cpp">
      <Filter>Source Files\tree</Filter>
    </ClCompile>
    <ClCompile Include="RenderContext.cpp">
      <Filter>Source Files\view</Filter>
    </ClCompile>
    <ClCompile Include="Ray.cpp">
      <Filter>Source Files\view</Filter>
    </ClCompile>
    <ClCompile Include="VoxelGenerator.cpp">
      <Filter>Source Files\util</Filter>
    </ClCompile>
    <ClCompile Include="intersection.cpp">
      <Filter>Source Files\util</Filter>
    </ClCompile>
    <ClCompile Include="util.cpp">
      <Filter>Source Files\util</Filter>
    </ClCompile>
    <ClCompile Include="LevelRenderer.cpp">
      <Filter>Source Files\render</Filter>
    </ClCompile>
    <ClCompile Include="TopLevelRenderer.cpp">
      <Filter>Source Files\render</Filter>
    </ClCompile>
    <ClCompile Include="morton.cpp">
      <Filter>Source Files</Filter>
    </ClCompile>
    <ClCompile Include="octree_build.cpp">
      <Filter>Source Files</Filter>
    </ClCompile>
  </ItemGroup>
  <ItemGroup>
    <None Include="todo.txt" />
  </ItemGroup>
</Project>